{
  "version": 4,
  "terraform_version": "1.5.2",
  "serial": 7,
  "lineage": "226bf04b-a7ab-762a-5a1a-3669900525aa",
  "outputs": {},
  "resources": [
    {
      "mode": "managed",
      "type": "libvirt_network",
      "name": "network",
      "provider": "provider[\"registry.terraform.io/dmacvicar/libvirt\"]",
      "instances": [
        {
          "schema_version": 0,
          "attributes": {
            "addresses": [
              "10.0.7.0/24"
            ],
            "autostart": true,
            "bridge": "virbr2",
            "dhcp": [
              {
                "enabled": true
              }
            ],
            "dns": [
              {
                "enabled": true,
                "forwarders": [],
                "hosts": [],
                "local_only": true,
                "srvs": []
              }
            ],
            "dnsmasq_options": [],
            "domain": "unixway.org",
            "id": "04109aad-af82-4e65-a9a4-772caf802a2a",
            "mode": "nat",
            "mtu": null,
            "name": "network3",
            "routes": [],
            "xml": []
          },
          "sensitive_attributes": [],
          "private": "bnVsbA=="
        }
      ]
    },
    {
      "mode": "managed",
      "type": "libvirt_pool",
      "name": "pool",
      "provider": "provider[\"registry.terraform.io/dmacvicar/libvirt\"]",
      "instances": [
        {
          "schema_version": 0,
          "attributes": {
            "allocation": 38881034240,
            "available": 75651399680,
            "capacity": 114532433920,
            "id": "f0fe7185-8550-43b7-856d-c89b9c8340ed",
            "name": "pool3",
            "path": "/QEMU/pool3",
            "type": "dir",
            "xml": []
          },
          "sensitive_attributes": [],
          "private": "bnVsbA=="
        }
      ]
    },
    {
      "mode": "managed",
      "type": "libvirt_volume",
      "name": "server_root",
      "provider": "provider[\"registry.terraform.io/dmacvicar/libvirt\"]",
      "instances": [
        {
          "schema_version": 0,
          "attributes": {
            "base_volume_id": null,
            "base_volume_name": null,
            "base_volume_pool": null,
            "format": "qcow2",
            "id": "/QEMU/pool3/server_root",
            "name": "server_root",
            "pool": "pool3",
            "size": 2147483648,
            "source": "https://cloud.debian.org/images/cloud/sid/daily/latest/debian-sid-genericcloud-amd64-daily.qcow2",
            "xml": []
          },
          "sensitive_attributes": [],
          "private": "bnVsbA==",
          "dependencies": [
            "libvirt_pool.pool"
          ]
        }
      ]
    }
  ],
  "check_results": null
}
